
Microsoft Visual Studio Solution File, Format Version 12.00
# Visual Studio Version 16
VisualStudioVersion = 16.0.30611.23
MinimumVisualStudioVersion = 10.0.40219.1
Project("{8BC9CEB8-8B4A-11D0-8D11-00A0C91BC942}") = "Sandbox", "Sandbox\Sandbox.vcxproj", "{3DE4647B-36CE-497B-93FC-82D256B9197F}"
EndProject
Project("{8BC9CEB8-8B4A-11D0-8D11-00A0C91BC942}") = "ElinaEngine", "ElinaEngine\ElinaEngine.vcxproj", "{8CAC22E9-5BC4-4FCD-80A1-B23FD1C31775}"
EndProject
Global
	GlobalSection(SolutionConfigurationPlatforms) = preSolution
		Debug|x64 = Debug|x64
		Release|x64 = Release|x64
	EndGlobalSection
	GlobalSection(ProjectConfigurationPlatforms) = postSolution
		{8CAC22E9-5BC4-4FCD-80A1-B23FD1C31775}.Debug|x64.ActiveCfg = Debug|x64
		{8CAC22E9-5BC4-4FCD-80A1-B23FD1C31775}.Debug|x64.Build.0 = Debug|x64
		{8CAC22E9-5BC4-4FCD-80A1-B23FD1C31775}.Release|x64.ActiveCfg = Release|x64
		{8CAC22E9-5BC4-4FCD-80A1-B23FD1C31775}.Release|x64.Build.0 = Release|x64
		{3DE4647B-36CE-497B-93FC-82D256B9197F}.Debug|x64.ActiveCfg = Debug|x64
		{3DE4647B-36CE-497B-93FC-82D256B9197F}.Debug|x64.Build.0 = Debug|x64
		{3DE4647B-36CE-497B-93FC-82D256B9197F}.Release|x64.ActiveCfg = Release|x64
		{3DE4647B-36CE-497B-93FC-82D256B9197F}.Release|x64.Build.0 = Release|x64
	EndGlobalSection
	GlobalSection(SolutionProperties) = preSolution
		HideSolutionNode = FALSE
	EndGlobalSection
	GlobalSection(ExtensibilityGlobals) = postSolution
		SolutionGuid = {4A02608C-B83B-4FF5-A740-7446E17B6E77}
	EndGlobalSection
EndGlobal
