<?xml version="1.0" encoding="utf-8"?>
<Project ToolsVersion="4.0" xmlns="http://schemas.microsoft.com/developer/msbuild/2003">
  <ItemGroup>
    <Filter Include="Elina">
      <UniqueIdentifier>{0EA11C0D-7AB5-44BE-4337-E81DAF0A41EF}</UniqueIdentifier>
    </Filter>
  </ItemGroup>
  <ItemGroup>
    <ClInclude Include="src\Elina\Application.h">
      <Filter>Elina</Filter>
    </ClInclude>
    <ClInclude Include="src\Elina\Core.h">
      <Filter>Elina</Filter>
    </ClInclude>
    <ClInclude Include="src\Elina\EntryPoint.h">
      <Filter>Elina</Filter>
    </ClInclude>
    <ClInclude Include="src\Elina\Log.h">
      <Filter>Elina</Filter>
    </ClInclude>
    <ClInclude Include="src\ElinaEngine.h" />
  </ItemGroup>
  <ItemGroup>
    <ClCompile Include="src\Elina\Application.cpp">
      <Filter>Elina</Filter>
    </ClCompile>
    <ClCompile Include="src\Elina\Log.cpp">
      <Filter>Elina</Filter>
    </ClCompile>
  </ItemGroup>
</Project>